
Microsoft Visual Studio Solution File, Format Version 12.00
Project("{FAE04EC0-301F-11D3-BF4B-00C04F79EFBC}") = "DataAccess", "DataAccess\DataAccess.csproj", "{566AE414-062C-4689-80FD-4A96F6BCF4F2}"
EndProject
Project("{FAE04EC0-301F-11D3-BF4B-00C04F79EFBC}") = "Core", "Core\Core.csproj", "{A742657E-5E98-4CF8-BAD3-1ECD2B84C486}"
EndProject
Project("{FAE04EC0-301F-11D3-BF4B-00C04F79EFBC}") = "Presentation", "Presentation\Presentation.csproj", "{CEBA4BD5-1031-46FE-B06A-9D18C87B31B9}"
EndProject
Global
	GlobalSection(SolutionConfigurationPlatforms) = preSolution
		Debug|Any CPU = Debug|Any CPU
		Release|Any CPU = Release|Any CPU
	EndGlobalSection
	GlobalSection(ProjectConfigurationPlatforms) = postSolution
		{566AE414-062C-4689-80FD-4A96F6BCF4F2}.Debug|Any CPU.ActiveCfg = Debug|Any CPU
		{566AE414-062C-4689-80FD-4A96F6BCF4F2}.Debug|Any CPU.Build.0 = Debug|Any CPU
		{566AE414-062C-4689-80FD-4A96F6BCF4F2}.Release|Any CPU.ActiveCfg = Release|Any CPU
		{566AE414-062C-4689-80FD-4A96F6BCF4F2}.Release|Any CPU.Build.0 = Release|Any CPU
		{A742657E-5E98-4CF8-BAD3-1ECD2B84C486}.Debug|Any CPU.ActiveCfg = Debug|Any CPU
		{A742657E-5E98-4CF8-BAD3-1ECD2B84C486}.Debug|Any CPU.Build.0 = Debug|Any CPU
		{A742657E-5E98-4CF8-BAD3-1ECD2B84C486}.Release|Any CPU.ActiveCfg = Release|Any CPU
		{A742657E-5E98-4CF8-BAD3-1ECD2B84C486}.Release|Any CPU.Build.0 = Release|Any CPU
		{CEBA4BD5-1031-46FE-B06A-9D18C87B31B9}.Debug|Any CPU.ActiveCfg = Debug|Any CPU
		{CEBA4BD5-1031-46FE-B06A-9D18C87B31B9}.Debug|Any CPU.Build.0 = Debug|Any CPU
		{CEBA4BD5-1031-46FE-B06A-9D18C87B31B9}.Release|Any CPU.ActiveCfg = Release|Any CPU
		{CEBA4BD5-1031-46FE-B06A-9D18C87B31B9}.Release|Any CPU.Build.0 = Release|Any CPU
	EndGlobalSection
EndGlobal
